
Microsoft Visual Studio Solution File, Format Version 12.00
# Visual Studio Version 17
VisualStudioVersion = 17.8.34322.80
MinimumVisualStudioVersion = 10.0.40219.1
Project("{9A19103F-16F7-4668-BE54-9A1E7A4F7556}") = "ComputerLock", "ComputerLock\ComputerLock.csproj", "{F4F13E4E-1CBA-4FE3-9C77-55EF5E24AB4F}"
EndProject
Project("{2150E333-8FDC-42A3-9474-1A3956D46DE8}") = "docs", "docs", "{74404D73-AD57-47E4-8310-C3E392B899BF}"
	ProjectSection(SolutionItems) = preProject
		..\CHANGELOG.md = ..\CHANGELOG.md
		..\README.md = ..\README.md
		..\README_en.md = ..\README_en.md
		..\VERSION_HISTORY.md = ..\VERSION_HISTORY.md
	EndProjectSection
EndProject
Global
	GlobalSection(SolutionConfigurationPlatforms) = preSolution
		Debug|Any CPU = Debug|Any CPU
		Release|Any CPU = Release|Any CPU
	EndGlobalSection
	GlobalSection(ProjectConfigurationPlatforms) = postSolution
		{F4F13E4E-1CBA-4FE3-9C77-55EF5E24AB4F}.Debug|Any CPU.ActiveCfg = Debug|Any CPU
		{F4F13E4E-1CBA-4FE3-9C77-55EF5E24AB4F}.Debug|Any CPU.Build.0 = Debug|Any CPU
		{F4F13E4E-1CBA-4FE3-9C77-55EF5E24AB4F}.Release|Any CPU.ActiveCfg = Release|Any CPU
		{F4F13E4E-1CBA-4FE3-9C77-55EF5E24AB4F}.Release|Any CPU.Build.0 = Release|Any CPU
	EndGlobalSection
	GlobalSection(SolutionProperties) = preSolution
		HideSolutionNode = FALSE
	EndGlobalSection
	GlobalSection(ExtensibilityGlobals) = postSolution
		SolutionGuid = {84A8F2DF-E6F5-44C7-BCBE-2BC9CE9F3F03}
		RESX_NeutralResourcesLanguage = zh-Hans
	EndGlobalSection
EndGlobal
